
Microsoft Visual Studio Solution File, Format Version 12.00
# Visual Studio Version 17
VisualStudioVersion = 17.11.35327.3
MinimumVisualStudioVersion = 10.0.40219.1
Project("{FAE04EC0-301F-11D3-BF4B-00C04F79EFBC}") = "WebAplicacionMVC", "WebAplicacionMVC\WebAplicacionMVC.csproj", "{C786E770-DBA7-433F-8023-8A5F7AB4A9A3}"
EndProject
Global
	GlobalSection(SolutionConfigurationPlatforms) = preSolution
		Debug|Any CPU = Debug|Any CPU
		Release|Any CPU = Release|Any CPU
	EndGlobalSection
	GlobalSection(ProjectConfigurationPlatforms) = postSolution
		{C786E770-DBA7-433F-8023-8A5F7AB4A9A3}.Debug|Any CPU.ActiveCfg = Debug|Any CPU
		{C786E770-DBA7-433F-8023-8A5F7AB4A9A3}.Debug|Any CPU.Build.0 = Debug|Any CPU
		{C786E770-DBA7-433F-8023-8A5F7AB4A9A3}.Release|Any CPU.ActiveCfg = Release|Any CPU
		{C786E770-DBA7-433F-8023-8A5F7AB4A9A3}.Release|Any CPU.Build.0 = Release|Any CPU
	EndGlobalSection
	GlobalSection(SolutionProperties) = preSolution
		HideSolutionNode = FALSE
	EndGlobalSection
	GlobalSection(ExtensibilityGlobals) = postSolution
		SolutionGuid = {AF186868-10CE-4CAF-BD5B-DCCC9896F502}
	EndGlobalSection
EndGlobal
